{
  "requires": true,
  "lockfileVersion": 1,
  "dependencies": {
    "@alheimsins/b5-costa-mccrae-300-ipip-neo-pi-r": {
      "version": "4.0.1",
      "resolved": "https://registry.npmjs.org/@alheimsins/b5-costa-mccrae-300-ipip-neo-pi-r/-/b5-costa-mccrae-300-ipip-neo-pi-r-4.0.1.tgz",
      "integrity": "sha512-94v1zpZBa8ef/UKh1zV8+K6R5/ffncyMB6tpI5cDh/Zdq1ZG23loWmCrggRD/N7iVSAhjyv1NoVX6YfsYuj3WA==",
      "requires": {
        "knuth-shuffle": "1.0.8"
      }
    },
    "@alheimsins/b5-johnson-120-ipip-neo-pi-r": {
      "version": "6.0.4",
      "resolved": "https://registry.npmjs.org/@alheimsins/b5-johnson-120-ipip-neo-pi-r/-/b5-johnson-120-ipip-neo-pi-r-6.0.4.tgz",
      "integrity": "sha512-qO14J09cXRAvdQqWSnYq7tei9lTeDconA6KhkxB2OftluqYu1yITLF2vXbNGTVnnXgst3ToRogjvADDn11CVDQ==",
      "requires": {
        "knuth-shuffle": "1.0.8"
      }
    },
    "@alheimsins/b5-result-text": {
      "version": "5.0.1",
      "resolved": "https://registry.npmjs.org/@alheimsins/b5-result-text/-/b5-result-text-5.0.1.tgz",
      "integrity": "sha512-PTPr5sqjGIC1qaiCRv82YAJZBXmIRAAk6NPheKTnRETTZxyHlMj1HJd/unpO1KYaxnWlQVj9AgHBpAAi0/3u7Q=="
    },
    "@alheimsins/bigfive-calculate-score": {
      "version": "3.0.1",
      "resolved": "https://registry.npmjs.org/@alheimsins/bigfive-calculate-score/-/bigfive-calculate-score-3.0.1.tgz",
      "integrity": "sha512-H5FWQJubVi4MN88ZPTFl7iYWcP/lKn2bwBpBK2kX8sHkKL9r12z23NrYRDm4ZEXnYOIwDlcAnG7KgLii7w2/jQ=="
    },
    "knuth-shuffle": {
      "version": "1.0.8",
      "resolved": "https://registry.npmjs.org/knuth-shuffle/-/knuth-shuffle-1.0.8.tgz",
      "integrity": "sha512-IdC4Hpp+mx53zTt6VAGsAtbGM0g4BV9fP8tTcviCosSwocHcRDw9uG5Rnv6wLWckF4r72qeXFoK9NkvV1gUJCQ=="
    }
  }
}
